{
  "lockfileVersion": 1,
  "workspaces": {
    "": {
      "name": "apx",
      "dependencies": {
        "better-auth": "^1.3.34",
        "hono": "^4.10.4",
      },
      "devDependencies": {
        "@types/bun": "latest",
        "prettier": "^3.6.2",
      },
      "peerDependencies": {
        "typescript": "^5",
      },
    },
  },
  "packages": {
    "@better-auth/core": ["@better-auth/core@1.3.34", "", { "dependencies": { "zod": "^4.1.5" }, "peerDependencies": { "@better-auth/utils": "0.3.0", "@better-fetch/fetch": "1.1.18", "better-call": "1.0.19", "jose": "^6.1.0", "kysely": "^0.28.5", "nanostores": "^1.0.1" } }, "sha512-rt/Bgl0Xa8OQ2DUMKCZEJ8vL9kUw4NCJsBP9Sj9uRhbsK8NEMPiznUOFMkUY2FvrslvfKN7H/fivwyHz9c7HzQ=="],

    "@better-auth/telemetry": ["@better-auth/telemetry@1.3.34", "", { "dependencies": { "@better-auth/core": "1.3.34", "@better-auth/utils": "0.3.0", "@better-fetch/fetch": "1.1.18" } }, "sha512-aQZ3wN90YMqV49diWxAMe1k7s2qb55KCsedCZne5PlgCjU4s3YtnqyjC5FEpzw2KY8l8rvR7DMAsDl13NjObKA=="],

    "@better-auth/utils": ["@better-auth/utils@0.3.0", "", {}, "sha512-W+Adw6ZA6mgvnSnhOki270rwJ42t4XzSK6YWGF//BbVXL6SwCLWfyzBc1lN2m/4RM28KubdBKQ4X5VMoLRNPQw=="],

    "@better-fetch/fetch": ["@better-fetch/fetch@1.1.18", "", {}, "sha512-rEFOE1MYIsBmoMJtQbl32PGHHXuG2hDxvEd7rUHE0vCBoFQVSDqaVs9hkZEtHCxRoY+CljXKFCOuJ8uxqw1LcA=="],

    "@hexagon/base64": ["@hexagon/base64@1.1.28", "", {}, "sha512-lhqDEAvWixy3bZ+UOYbPwUbBkwBq5C1LAJ/xPC8Oi+lL54oyakv/npbA0aU2hgCsx/1NUd4IBvV03+aUBWxerw=="],

    "@levischuck/tiny-cbor": ["@levischuck/tiny-cbor@0.2.11", "", {}, "sha512-llBRm4dT4Z89aRsm6u2oEZ8tfwL/2l6BwpZ7JcyieouniDECM5AqNgr/y08zalEIvW3RSK4upYyybDcmjXqAow=="],

    "@noble/ciphers": ["@noble/ciphers@2.0.1", "", {}, "sha512-xHK3XHPUW8DTAobU+G0XT+/w+JLM7/8k1UFdB5xg/zTFPnFCobhftzw8wl4Lw2aq/Rvir5pxfZV5fEazmeCJ2g=="],

    "@noble/hashes": ["@noble/hashes@2.0.1", "", {}, "sha512-XlOlEbQcE9fmuXxrVTXCTlG2nlRXa9Rj3rr5Ue/+tX+nmkgbX720YHh0VR3hBF9xDvwnb8D2shVGOwNx+ulArw=="],

    "@peculiar/asn1-android": ["@peculiar/asn1-android@2.5.0", "", { "dependencies": { "@peculiar/asn1-schema": "^2.5.0", "asn1js": "^3.0.6", "tslib": "^2.8.1" } }, "sha512-t8A83hgghWQkcneRsgGs2ebAlRe54ns88p7ouv8PW2tzF1nAW4yHcL4uZKrFpIU+uszIRzTkcCuie37gpkId0A=="],

    "@peculiar/asn1-cms": ["@peculiar/asn1-cms@2.5.0", "", { "dependencies": { "@peculiar/asn1-schema": "^2.5.0", "@peculiar/asn1-x509": "^2.5.0", "@peculiar/asn1-x509-attr": "^2.5.0", "asn1js": "^3.0.6", "tslib": "^2.8.1" } }, "sha512-p0SjJ3TuuleIvjPM4aYfvYw8Fk1Hn/zAVyPJZTtZ2eE9/MIer6/18ROxX6N/e6edVSfvuZBqhxAj3YgsmSjQ/A=="],

    "@peculiar/asn1-csr": ["@peculiar/asn1-csr@2.5.0", "", { "dependencies": { "@peculiar/asn1-schema": "^2.5.0", "@peculiar/asn1-x509": "^2.5.0", "asn1js": "^3.0.6", "tslib": "^2.8.1" } }, "sha512-ioigvA6WSYN9h/YssMmmoIwgl3RvZlAYx4A/9jD2qaqXZwGcNlAxaw54eSx2QG1Yu7YyBC5Rku3nNoHrQ16YsQ=="],

    "@peculiar/asn1-ecc": ["@peculiar/asn1-ecc@2.5.0", "", { "dependencies": { "@peculiar/asn1-schema": "^2.5.0", "@peculiar/asn1-x509": "^2.5.0", "asn1js": "^3.0.6", "tslib": "^2.8.1" } }, "sha512-t4eYGNhXtLRxaP50h3sfO6aJebUCDGQACoeexcelL4roMFRRVgB20yBIu2LxsPh/tdW9I282gNgMOyg3ywg/mg=="],

    "@peculiar/asn1-pfx": ["@peculiar/asn1-pfx@2.5.0", "", { "dependencies": { "@peculiar/asn1-cms": "^2.5.0", "@peculiar/asn1-pkcs8": "^2.5.0", "@peculiar/asn1-rsa": "^2.5.0", "@peculiar/asn1-schema": "^2.5.0", "asn1js": "^3.0.6", "tslib": "^2.8.1" } }, "sha512-Vj0d0wxJZA+Ztqfb7W+/iu8Uasw6hhKtCdLKXLG/P3kEPIQpqGI4P4YXlROfl7gOCqFIbgsj1HzFIFwQ5s20ug=="],

    "@peculiar/asn1-pkcs8": ["@peculiar/asn1-pkcs8@2.5.0", "", { "dependencies": { "@peculiar/asn1-schema": "^2.5.0", "@peculiar/asn1-x509": "^2.5.0", "asn1js": "^3.0.6", "tslib": "^2.8.1" } }, "sha512-L7599HTI2SLlitlpEP8oAPaJgYssByI4eCwQq2C9eC90otFpm8MRn66PpbKviweAlhinWQ3ZjDD2KIVtx7PaVw=="],

    "@peculiar/asn1-pkcs9": ["@peculiar/asn1-pkcs9@2.5.0", "", { "dependencies": { "@peculiar/asn1-cms": "^2.5.0", "@peculiar/asn1-pfx": "^2.5.0", "@peculiar/asn1-pkcs8": "^2.5.0", "@peculiar/asn1-schema": "^2.5.0", "@peculiar/asn1-x509": "^2.5.0", "@peculiar/asn1-x509-attr": "^2.5.0", "asn1js": "^3.0.6", "tslib": "^2.8.1" } }, "sha512-UgqSMBLNLR5TzEZ5ZzxR45Nk6VJrammxd60WMSkofyNzd3DQLSNycGWSK5Xg3UTYbXcDFyG8pA/7/y/ztVCa6A=="],

    "@peculiar/asn1-rsa": ["@peculiar/asn1-rsa@2.5.0", "", { "dependencies": { "@peculiar/asn1-schema": "^2.5.0", "@peculiar/asn1-x509": "^2.5.0", "asn1js": "^3.0.6", "tslib": "^2.8.1" } }, "sha512-qMZ/vweiTHy9syrkkqWFvbT3eLoedvamcUdnnvwyyUNv5FgFXA3KP8td+ATibnlZ0EANW5PYRm8E6MJzEB/72Q=="],

    "@peculiar/asn1-schema": ["@peculiar/asn1-schema@2.5.0", "", { "dependencies": { "asn1js": "^3.0.6", "pvtsutils": "^1.3.6", "tslib": "^2.8.1" } }, "sha512-YM/nFfskFJSlHqv59ed6dZlLZqtZQwjRVJ4bBAiWV08Oc+1rSd5lDZcBEx0lGDHfSoH3UziI2pXt2UM33KerPQ=="],

    "@peculiar/asn1-x509": ["@peculiar/asn1-x509@2.5.0", "", { "dependencies": { "@peculiar/asn1-schema": "^2.5.0", "asn1js": "^3.0.6", "pvtsutils": "^1.3.6", "tslib": "^2.8.1" } }, "sha512-CpwtMCTJvfvYTFMuiME5IH+8qmDe3yEWzKHe7OOADbGfq7ohxeLaXwQo0q4du3qs0AII3UbLCvb9NF/6q0oTKQ=="],

    "@peculiar/asn1-x509-attr": ["@peculiar/asn1-x509-attr@2.5.0", "", { "dependencies": { "@peculiar/asn1-schema": "^2.5.0", "@peculiar/asn1-x509": "^2.5.0", "asn1js": "^3.0.6", "tslib": "^2.8.1" } }, "sha512-9f0hPOxiJDoG/bfNLAFven+Bd4gwz/VzrCIIWc1025LEI4BXO0U5fOCTNDPbbp2ll+UzqKsZ3g61mpBp74gk9A=="],

    "@peculiar/x509": ["@peculiar/x509@1.14.0", "", { "dependencies": { "@peculiar/asn1-cms": "^2.5.0", "@peculiar/asn1-csr": "^2.5.0", "@peculiar/asn1-ecc": "^2.5.0", "@peculiar/asn1-pkcs9": "^2.5.0", "@peculiar/asn1-rsa": "^2.5.0", "@peculiar/asn1-schema": "^2.5.0", "@peculiar/asn1-x509": "^2.5.0", "pvtsutils": "^1.3.6", "reflect-metadata": "^0.2.2", "tslib": "^2.8.1", "tsyringe": "^4.10.0" } }, "sha512-Yc4PDxN3OrxUPiXgU63c+ZRXKGE8YKF2McTciYhUHFtHVB0KMnjeFSU0qpztGhsp4P0uKix4+J2xEpIEDu8oXg=="],

    "@simplewebauthn/browser": ["@simplewebauthn/browser@13.2.2", "", {}, "sha512-FNW1oLQpTJyqG5kkDg5ZsotvWgmBaC6jCHR7Ej0qUNep36Wl9tj2eZu7J5rP+uhXgHaLk+QQ3lqcw2vS5MX1IA=="],

    "@simplewebauthn/server": ["@simplewebauthn/server@13.2.2", "", { "dependencies": { "@hexagon/base64": "^1.1.27", "@levischuck/tiny-cbor": "^0.2.2", "@peculiar/asn1-android": "^2.3.10", "@peculiar/asn1-ecc": "^2.3.8", "@peculiar/asn1-rsa": "^2.3.8", "@peculiar/asn1-schema": "^2.3.8", "@peculiar/asn1-x509": "^2.3.8", "@peculiar/x509": "^1.13.0" } }, "sha512-HcWLW28yTMGXpwE9VLx9J+N2KEUaELadLrkPEEI9tpI5la70xNEVEsu/C+m3u7uoq4FulLqZQhgBCzR9IZhFpA=="],

    "@types/bun": ["@types/bun@1.3.1", "", { "dependencies": { "bun-types": "1.3.1" } }, "sha512-4jNMk2/K9YJtfqwoAa28c8wK+T7nvJFOjxI4h/7sORWcypRNxBpr+TPNaCfVWq70tLCJsqoFwcf0oI0JU/fvMQ=="],

    "@types/node": ["@types/node@24.10.0", "", { "dependencies": { "undici-types": "~7.16.0" } }, "sha512-qzQZRBqkFsYyaSWXuEHc2WR9c0a0CXwiE5FWUvn7ZM+vdy1uZLfCunD38UzhuB7YN/J11ndbDBcTmOdxJo9Q7A=="],

    "@types/react": ["@types/react@19.2.2", "", { "dependencies": { "csstype": "^3.0.2" } }, "sha512-6mDvHUFSjyT2B2yeNx2nUgMxh9LtOWvkhIU3uePn2I2oyNymUAX1NIsdgviM4CH+JSrp2D2hsMvJOkxY+0wNRA=="],

    "asn1js": ["asn1js@3.0.6", "", { "dependencies": { "pvtsutils": "^1.3.6", "pvutils": "^1.1.3", "tslib": "^2.8.1" } }, "sha512-UOCGPYbl0tv8+006qks/dTgV9ajs97X2p0FAbyS2iyCRrmLSRolDaHdp+v/CLgnzHc3fVB+CwYiUmei7ndFcgA=="],

    "better-auth": ["better-auth@1.3.34", "", { "dependencies": { "@better-auth/core": "1.3.34", "@better-auth/telemetry": "1.3.34", "@better-auth/utils": "0.3.0", "@better-fetch/fetch": "1.1.18", "@noble/ciphers": "^2.0.0", "@noble/hashes": "^2.0.0", "@simplewebauthn/browser": "^13.1.2", "@simplewebauthn/server": "^13.1.2", "better-call": "1.0.19", "defu": "^6.1.4", "jose": "^6.1.0", "kysely": "^0.28.5", "nanostores": "^1.0.1", "zod": "^4.1.5" } }, "sha512-LWA52SlvnUBJRbN8VLSTLILPomZY3zZAiLxVJCeSQ5uVmaIKkMBhERitkfJcXB9RJcfl4uP+3EqKkb6hX1/uiw=="],

    "better-call": ["better-call@1.0.19", "", { "dependencies": { "@better-auth/utils": "^0.3.0", "@better-fetch/fetch": "^1.1.4", "rou3": "^0.5.1", "set-cookie-parser": "^2.7.1", "uncrypto": "^0.1.3" } }, "sha512-sI3GcA1SCVa3H+CDHl8W8qzhlrckwXOTKhqq3OOPXjgn5aTOMIqGY34zLY/pHA6tRRMjTUC3lz5Mi7EbDA24Kw=="],

    "bun-types": ["bun-types@1.3.1", "", { "dependencies": { "@types/node": "*" }, "peerDependencies": { "@types/react": "^19" } }, "sha512-NMrcy7smratanWJ2mMXdpatalovtxVggkj11bScuWuiOoXTiKIu2eVS1/7qbyI/4yHedtsn175n4Sm4JcdHLXw=="],

    "csstype": ["csstype@3.1.3", "", {}, "sha512-M1uQkMl8rQK/szD0LNhtqxIPLpimGm8sOBwU7lLnCpSbTyY3yeU1Vc7l4KT5zT4s/yOxHH5O7tIuuLOCnLADRw=="],

    "defu": ["defu@6.1.4", "", {}, "sha512-mEQCMmwJu317oSz8CwdIOdwf3xMif1ttiM8LTufzc3g6kR+9Pe236twL8j3IYT1F7GfRgGcW6MWxzZjLIkuHIg=="],

    "hono": ["hono@4.10.4", "", {}, "sha512-YG/fo7zlU3KwrBL5vDpWKisLYiM+nVstBQqfr7gCPbSYURnNEP9BDxEMz8KfsDR9JX0lJWDRNc6nXX31v7ZEyg=="],

    "jose": ["jose@6.1.0", "", {}, "sha512-TTQJyoEoKcC1lscpVDCSsVgYzUDg/0Bt3WE//WiTPK6uOCQC2KZS4MpugbMWt/zyjkopgZoXhZuCi00gLudfUA=="],

    "kysely": ["kysely@0.28.8", "", {}, "sha512-QUOgl5ZrS9IRuhq5FvOKFSsD/3+IA6MLE81/bOOTRA/YQpKDza2sFdN5g6JCB9BOpqMJDGefLCQ9F12hRS13TA=="],

    "nanostores": ["nanostores@1.0.1", "", {}, "sha512-kNZ9xnoJYKg/AfxjrVL4SS0fKX++4awQReGqWnwTRHxeHGZ1FJFVgTqr/eMrNQdp0Tz7M7tG/TDaX8QfHDwVCw=="],

    "prettier": ["prettier@3.6.2", "", { "bin": { "prettier": "bin/prettier.cjs" } }, "sha512-I7AIg5boAr5R0FFtJ6rCfD+LFsWHp81dolrFD8S79U9tb8Az2nGrJncnMSnys+bpQJfRUzqs9hnA81OAA3hCuQ=="],

    "pvtsutils": ["pvtsutils@1.3.6", "", { "dependencies": { "tslib": "^2.8.1" } }, "sha512-PLgQXQ6H2FWCaeRak8vvk1GW462lMxB5s3Jm673N82zI4vqtVUPuZdffdZbPDFRoU8kAhItWFtPCWiPpp4/EDg=="],

    "pvutils": ["pvutils@1.1.5", "", {}, "sha512-KTqnxsgGiQ6ZAzZCVlJH5eOjSnvlyEgx1m8bkRJfOhmGRqfo5KLvmAlACQkrjEtOQ4B7wF9TdSLIs9O90MX9xA=="],

    "reflect-metadata": ["reflect-metadata@0.2.2", "", {}, "sha512-urBwgfrvVP/eAyXx4hluJivBKzuEbSQs9rKWCrCkbSxNv8mxPcUZKeuoF3Uy4mJl3Lwprp6yy5/39VWigZ4K6Q=="],

    "rou3": ["rou3@0.5.1", "", {}, "sha512-OXMmJ3zRk2xeXFGfA3K+EOPHC5u7RDFG7lIOx0X1pdnhUkI8MdVrbV+sNsD80ElpUZ+MRHdyxPnFthq9VHs8uQ=="],

    "set-cookie-parser": ["set-cookie-parser@2.7.2", "", {}, "sha512-oeM1lpU/UvhTxw+g3cIfxXHyJRc/uidd3yK1P242gzHds0udQBYzs3y8j4gCCW+ZJ7ad0yctld8RYO+bdurlvw=="],

    "tslib": ["tslib@2.8.1", "", {}, "sha512-oJFu94HQb+KVduSUQL7wnpmqnfmLsOA/nAh6b6EH0wCEoK0/mPeXU6c3wKDV83MkOuHPRHtSXKKU99IBazS/2w=="],

    "tsyringe": ["tsyringe@4.10.0", "", { "dependencies": { "tslib": "^1.9.3" } }, "sha512-axr3IdNuVIxnaK5XGEUFTu3YmAQ6lllgrvqfEoR16g/HGnYY/6We4oWENtAnzK6/LpJ2ur9PAb80RBt7/U4ugw=="],

    "typescript": ["typescript@5.9.3", "", { "bin": { "tsc": "bin/tsc", "tsserver": "bin/tsserver" } }, "sha512-jl1vZzPDinLr9eUt3J/t7V6FgNEw9QjvBPdysz9KfQDD41fQrC2Y4vKQdiaUpFT4bXlb1RHhLpp8wtm6M5TgSw=="],

    "uncrypto": ["uncrypto@0.1.3", "", {}, "sha512-Ql87qFHB3s/De2ClA9e0gsnS6zXG27SkTiSJwjCc9MebbfapQfuPzumMIUMi38ezPZVNFcHI9sUIepeQfw8J8Q=="],

    "undici-types": ["undici-types@7.16.0", "", {}, "sha512-Zz+aZWSj8LE6zoxD+xrjh4VfkIG8Ya6LvYkZqtUQGJPZjYl53ypCaUwWqo7eI0x66KBGeRo+mlBEkMSeSZ38Nw=="],

    "zod": ["zod@4.1.12", "", {}, "sha512-JInaHOamG8pt5+Ey8kGmdcAcg3OL9reK8ltczgHTAwNhMys/6ThXHityHxVV2p3fkw/c+MAvBHFVYHFZDmjMCQ=="],

    "tsyringe/tslib": ["tslib@1.14.1", "", {}, "sha512-Xni35NKzjgMrwevysHTCArtLDpPvye8zV/0E4EyYn43P7/7qvQwPh9BGkHewbMulVntbigmcT7rdX3BNo9wRJg=="],
  }
}
